// !$*UTF8*$!
{
	archiveVersion = 1;
	classes = {
	};
	objectVersion = 55;
	objects = {

/* Begin PBXBuildFile section */
		5601F63627C6FF9600262E92 /* armyDetailedView.swift in Sources */ = {isa = PBXBuildFile; fileRef = 5601F63527C6FF9600262E92 /* armyDetailedView.swift */; };
		56083E802854D64A00A83C9D /* settingsitem.swift in Sources */ = {isa = PBXBuildFile; fileRef = 56083E7F2854D64A00A83C9D /* settingsitem.swift */; };
		56083E842856589D00A83C9D /* serverrequests.swift in Sources */ = {isa = PBXBuildFile; fileRef = 56083E832856589C00A83C9D /* serverrequests.swift */; };
		5611EA03286B8DAD004BC850 /* tableUnitHeader.swift in Sources */ = {isa = PBXBuildFile; fileRef = 5611EA02286B8DAD004BC850 /* tableUnitHeader.swift */; };
		5611EA05286B8E87004BC850 /* modGameView.swift in Sources */ = {isa = PBXBuildFile; fileRef = 5611EA04286B8E87004BC850 /* modGameView.swift */; };
		5611EA07286BA720004BC850 /* loginAuth.swift in Sources */ = {isa = PBXBuildFile; fileRef = 5611EA06286BA720004BC850 /* loginAuth.swift */; };
		5611EA09286BB227004BC850 /* rectangleLogo.swift in Sources */ = {isa = PBXBuildFile; fileRef = 5611EA08286BB227004BC850 /* rectangleLogo.swift */; };
		5627BA9C288324EC00FF6F33 /* forgotPass.swift in Sources */ = {isa = PBXBuildFile; fileRef = 5627BA9B288324EB00FF6F33 /* forgotPass.swift */; };
		562A3B8B27C36C1800AB0A80 /* armyView.swift in Sources */ = {isa = PBXBuildFile; fileRef = 562A3B8A27C36C1800AB0A80 /* armyView.swift */; };
		562A87A927E8EF850076FB6A /* editArmy.swift in Sources */ = {isa = PBXBuildFile; fileRef = 562A87A827E8EF850076FB6A /* editArmy.swift */; };
		562A87AB27E8FB1B0076FB6A /* appSettings.swift in Sources */ = {isa = PBXBuildFile; fileRef = 562A87AA27E8FB1B0076FB6A /* appSettings.swift */; };
		562A87AD27E8FB470076FB6A /* addArmyDialog.swift in Sources */ = {isa = PBXBuildFile; fileRef = 562A87AC27E8FB470076FB6A /* addArmyDialog.swift */; };
		562C1EFD2878AD820020788F /* Alamofire in Frameworks */ = {isa = PBXBuildFile; productRef = 562C1EFC2878AD820020788F /* Alamofire */; };
		562C1F022878B2970020788F /* Introspect in Frameworks */ = {isa = PBXBuildFile; productRef = 562C1F012878B2970020788F /* Introspect */; };
		5644884828577B0D00AB2273 /* accountSettings.swift in Sources */ = {isa = PBXBuildFile; fileRef = 5644884728577B0D00AB2273 /* accountSettings.swift */; };
		5644884A28577B6600AB2273 /* collectionSettings.swift in Sources */ = {isa = PBXBuildFile; fileRef = 5644884928577B6600AB2273 /* collectionSettings.swift */; };
		5644884E2857CE3B00AB2273 /* stats.json in Resources */ = {isa = PBXBuildFile; fileRef = 5644884D2857CE3B00AB2273 /* stats.json */; };
		564488502858B6E300AB2273 /* collectionAddUnits.swift in Sources */ = {isa = PBXBuildFile; fileRef = 5644884F2858B6E300AB2273 /* collectionAddUnits.swift */; };
		564488522858B74800AB2273 /* collectionSelection.swift in Sources */ = {isa = PBXBuildFile; fileRef = 564488512858B74800AB2273 /* collectionSelection.swift */; };
		5644885F2859255B00AB2273 /* targetPicker.swift in Sources */ = {isa = PBXBuildFile; fileRef = 5644885E2859255B00AB2273 /* targetPicker.swift */; };
		56448864285CB5F500AB2273 /* Data.swift in Sources */ = {isa = PBXBuildFile; fileRef = 56448863285CB5F500AB2273 /* Data.swift */; };
		56448866285CCC4600AB2273 /* troopCollectionCount.swift in Sources */ = {isa = PBXBuildFile; fileRef = 56448865285CCC4600AB2273 /* troopCollectionCount.swift */; };
		56594CC42864A5C900D1A9C5 /* TableHeader.swift in Sources */ = {isa = PBXBuildFile; fileRef = 56594CC32864A5C900D1A9C5 /* TableHeader.swift */; };
		56594CC62864B84500D1A9C5 /* addUnitMods.swift in Sources */ = {isa = PBXBuildFile; fileRef = 56594CC52864B84500D1A9C5 /* addUnitMods.swift */; };
		56594CC82864BD6600D1A9C5 /* mods.json in Resources */ = {isa = PBXBuildFile; fileRef = 56594CC72864BD6600D1A9C5 /* mods.json */; };
		56594CCA2864F5B400D1A9C5 /* modDisplay.swift in Sources */ = {isa = PBXBuildFile; fileRef = 56594CC92864F5B400D1A9C5 /* modDisplay.swift */; };
		56594CE628650D7600D1A9C5 /* addCustomMod.swift in Sources */ = {isa = PBXBuildFile; fileRef = 56594CE528650D7600D1A9C5 /* addCustomMod.swift */; };
		5665937A2868D07C004B0473 /* modificationDisplay.swift in Sources */ = {isa = PBXBuildFile; fileRef = 566593792868D07C004B0473 /* modificationDisplay.swift */; };
		5665937C2868F45B004B0473 /* addExistingMod.swift in Sources */ = {isa = PBXBuildFile; fileRef = 5665937B2868F45B004B0473 /* addExistingMod.swift */; };
		56659380286A47E8004B0473 /* armyCustomization.swift in Sources */ = {isa = PBXBuildFile; fileRef = 5665937F286A47E8004B0473 /* armyCustomization.swift */; };
		56695FEF28D2151A00EE33CD /* troopCollectionEditCount.swift in Sources */ = {isa = PBXBuildFile; fileRef = 56695FEE28D2151900EE33CD /* troopCollectionEditCount.swift */; };
		566C244327ED1176008C1362 /* troopCountSelect.swift in Sources */ = {isa = PBXBuildFile; fileRef = 566C244227ED1176008C1362 /* troopCountSelect.swift */; };
		5672C37227EB540A00524033 /* selectTroops.swift in Sources */ = {isa = PBXBuildFile; fileRef = 5672C37127EB540A00524033 /* selectTroops.swift */; };
		56733221285E1D6D00AF0AF9 /* troopDisplay.swift in Sources */ = {isa = PBXBuildFile; fileRef = 56733220285E1D6D00AF0AF9 /* troopDisplay.swift */; };
		5673322528609C9600AF0AF9 /* troopEditSelect.swift in Sources */ = {isa = PBXBuildFile; fileRef = 5673322428609C9600AF0AF9 /* troopEditSelect.swift */; };
		56733227286210D300AF0AF9 /* troopDetailedView.swift in Sources */ = {isa = PBXBuildFile; fileRef = 56733226286210D300AF0AF9 /* troopDetailedView.swift */; };
		5673322928622FD000AF0AF9 /* unitStats.swift in Sources */ = {isa = PBXBuildFile; fileRef = 5673322828622FCF00AF0AF9 /* unitStats.swift */; };
		5673322B2862470C00AF0AF9 /* armyGameView.swift in Sources */ = {isa = PBXBuildFile; fileRef = 5673322A2862470C00AF0AF9 /* armyGameView.swift */; };
		5673660727E9E2C10088B805 /* factions.json in Resources */ = {isa = PBXBuildFile; fileRef = 5673660427E9E2C10088B805 /* factions.json */; };
		567FC56A28648D3F00A0159E /* unitGameView.swift in Sources */ = {isa = PBXBuildFile; fileRef = 567FC56928648D3F00A0159E /* unitGameView.swift */; };
		56883D0F27A5DF9F00349E69 /* armybuilderApp.swift in Sources */ = {isa = PBXBuildFile; fileRef = 56883D0E27A5DF9F00349E69 /* armybuilderApp.swift */; };
		56883D1127A5DF9F00349E69 /* ContentView.swift in Sources */ = {isa = PBXBuildFile; fileRef = 56883D1027A5DF9F00349E69 /* ContentView.swift */; settings = {COMPILER_FLAGS = "-w"; }; };
		56883D1327A5DFA000349E69 /* Assets.xcassets in Resources */ = {isa = PBXBuildFile; fileRef = 56883D1227A5DFA000349E69 /* Assets.xcassets */; };
		56883D1627A5DFA000349E69 /* Preview Assets.xcassets in Resources */ = {isa = PBXBuildFile; fileRef = 56883D1527A5DFA000349E69 /* Preview Assets.xcassets */; };
		56940119286BBC9F007841BB /* registration.swift in Sources */ = {isa = PBXBuildFile; fileRef = 56940118286BBC9F007841BB /* registration.swift */; };
		56CD644627E92F40008478CD /* JSONstructs.swift in Sources */ = {isa = PBXBuildFile; fileRef = 56CD644527E92F40008478CD /* JSONstructs.swift */; };
		56E8A94A2917D3B1007443BE /* armybuilderUITests.swift in Sources */ = {isa = PBXBuildFile; fileRef = 56E8A9492917D3B1007443BE /* armybuilderUITests.swift */; };
		56E8A94C2917D3B1007443BE /* armybuilderUITestsLaunchTests.swift in Sources */ = {isa = PBXBuildFile; fileRef = 56E8A94B2917D3B1007443BE /* armybuilderUITestsLaunchTests.swift */; };
		56F45E4F286B53EE007BA78D /* troopGameDetailed.swift in Sources */ = {isa = PBXBuildFile; fileRef = 56F45E4E286B53EE007BA78D /* troopGameDetailed.swift */; };
/* End PBXBuildFile section */

/* Begin PBXContainerItemProxy section */
		56E8A94D2917D3B1007443BE /* PBXContainerItemProxy */ = {
			isa = PBXContainerItemProxy;
			containerPortal = 56883D0327A5DF9F00349E69 /* Project object */;
			proxyType = 1;
			remoteGlobalIDString = 56883D0A27A5DF9F00349E69;
			remoteInfo = armybuilder;
		};
/* End PBXContainerItemProxy section */

/* Begin PBXFileReference section */
		5601F63527C6FF9600262E92 /* armyDetailedView.swift */ = {isa = PBXFileReference; lastKnownFileType = sourcecode.swift; path = armyDetailedView.swift; sourceTree = "<group>"; };
		56083E7F2854D64A00A83C9D /* settingsitem.swift */ = {isa = PBXFileReference; lastKnownFileType = sourcecode.swift; path = settingsitem.swift; sourceTree = "<group>"; };
		56083E832856589C00A83C9D /* serverrequests.swift */ = {isa = PBXFileReference; lastKnownFileType = sourcecode.swift; path = serverrequests.swift; sourceTree = "<group>"; };
		5611EA02286B8DAD004BC850 /* tableUnitHeader.swift */ = {isa = PBXFileReference; lastKnownFileType = sourcecode.swift; path = tableUnitHeader.swift; sourceTree = "<group>"; };
		5611EA04286B8E87004BC850 /* modGameView.swift */ = {isa = PBXFileReference; lastKnownFileType = sourcecode.swift; path = modGameView.swift; sourceTree = "<group>"; };
		5611EA06286BA720004BC850 /* loginAuth.swift */ = {isa = PBXFileReference; lastKnownFileType = sourcecode.swift; path = loginAuth.swift; sourceTree = "<group>"; };
		5611EA08286BB227004BC850 /* rectangleLogo.swift */ = {isa = PBXFileReference; lastKnownFileType = sourcecode.swift; path = rectangleLogo.swift; sourceTree = "<group>"; };
		5627BA9B288324EB00FF6F33 /* forgotPass.swift */ = {isa = PBXFileReference; lastKnownFileType = sourcecode.swift; path = forgotPass.swift; sourceTree = "<group>"; };
		562A3B8A27C36C1800AB0A80 /* armyView.swift */ = {isa = PBXFileReference; lastKnownFileType = sourcecode.swift; path = armyView.swift; sourceTree = "<group>"; };
		562A87A827E8EF850076FB6A /* editArmy.swift */ = {isa = PBXFileReference; lastKnownFileType = sourcecode.swift; path = editArmy.swift; sourceTree = "<group>"; };
		562A87AA27E8FB1B0076FB6A /* appSettings.swift */ = {isa = PBXFileReference; lastKnownFileType = sourcecode.swift; path = appSettings.swift; sourceTree = "<group>"; };
		562A87AC27E8FB470076FB6A /* addArmyDialog.swift */ = {isa = PBXFileReference; lastKnownFileType = sourcecode.swift; path = addArmyDialog.swift; sourceTree = "<group>"; };
		5644884728577B0D00AB2273 /* accountSettings.swift */ = {isa = PBXFileReference; lastKnownFileType = sourcecode.swift; path = accountSettings.swift; sourceTree = "<group>"; };
		5644884928577B6600AB2273 /* collectionSettings.swift */ = {isa = PBXFileReference; lastKnownFileType = sourcecode.swift; path = collectionSettings.swift; sourceTree = "<group>"; };
		5644884D2857CE3B00AB2273 /* stats.json */ = {isa = PBXFileReference; fileEncoding = 4; lastKnownFileType = text.json; path = stats.json; sourceTree = "<group>"; };
		5644884F2858B6E300AB2273 /* collectionAddUnits.swift */ = {isa = PBXFileReference; lastKnownFileType = sourcecode.swift; path = collectionAddUnits.swift; sourceTree = "<group>"; };
		564488512858B74800AB2273 /* collectionSelection.swift */ = {isa = PBXFileReference; lastKnownFileType = sourcecode.swift; path = collectionSelection.swift; sourceTree = "<group>"; };
		5644885E2859255B00AB2273 /* targetPicker.swift */ = {isa = PBXFileReference; lastKnownFileType = sourcecode.swift; path = targetPicker.swift; sourceTree = "<group>"; };
		56448863285CB5F500AB2273 /* Data.swift */ = {isa = PBXFileReference; lastKnownFileType = sourcecode.swift; path = Data.swift; sourceTree = "<group>"; };
		56448865285CCC4600AB2273 /* troopCollectionCount.swift */ = {isa = PBXFileReference; lastKnownFileType = sourcecode.swift; path = troopCollectionCount.swift; sourceTree = "<group>"; };
		56594CC32864A5C900D1A9C5 /* TableHeader.swift */ = {isa = PBXFileReference; lastKnownFileType = sourcecode.swift; path = TableHeader.swift; sourceTree = "<group>"; };
		56594CC52864B84500D1A9C5 /* addUnitMods.swift */ = {isa = PBXFileReference; lastKnownFileType = sourcecode.swift; path = addUnitMods.swift; sourceTree = "<group>"; };
		56594CC72864BD6600D1A9C5 /* mods.json */ = {isa = PBXFileReference; fileEncoding = 4; lastKnownFileType = text.json; path = mods.json; sourceTree = "<group>"; };
		56594CC92864F5B400D1A9C5 /* modDisplay.swift */ = {isa = PBXFileReference; lastKnownFileType = sourcecode.swift; path = modDisplay.swift; sourceTree = "<group>"; };
		56594CE528650D7600D1A9C5 /* addCustomMod.swift */ = {isa = PBXFileReference; lastKnownFileType = sourcecode.swift; path = addCustomMod.swift; sourceTree = "<group>"; };
		566593792868D07C004B0473 /* modificationDisplay.swift */ = {isa = PBXFileReference; lastKnownFileType = sourcecode.swift; path = modificationDisplay.swift; sourceTree = "<group>"; };
		5665937B2868F45B004B0473 /* addExistingMod.swift */ = {isa = PBXFileReference; lastKnownFileType = sourcecode.swift; path = addExistingMod.swift; sourceTree = "<group>"; };
		5665937F286A47E8004B0473 /* armyCustomization.swift */ = {isa = PBXFileReference; lastKnownFileType = sourcecode.swift; path = armyCustomization.swift; sourceTree = "<group>"; };
		56695FEE28D2151900EE33CD /* troopCollectionEditCount.swift */ = {isa = PBXFileReference; lastKnownFileType = sourcecode.swift; path = troopCollectionEditCount.swift; sourceTree = "<group>"; };
		566C244227ED1176008C1362 /* troopCountSelect.swift */ = {isa = PBXFileReference; lastKnownFileType = sourcecode.swift; path = troopCountSelect.swift; sourceTree = "<group>"; };
		5672C37127EB540A00524033 /* selectTroops.swift */ = {isa = PBXFileReference; lastKnownFileType = sourcecode.swift; path = selectTroops.swift; sourceTree = "<group>"; };
		56733220285E1D6D00AF0AF9 /* troopDisplay.swift */ = {isa = PBXFileReference; lastKnownFileType = sourcecode.swift; path = troopDisplay.swift; sourceTree = "<group>"; };
		5673322428609C9600AF0AF9 /* troopEditSelect.swift */ = {isa = PBXFileReference; lastKnownFileType = sourcecode.swift; path = troopEditSelect.swift; sourceTree = "<group>"; };
		56733226286210D300AF0AF9 /* troopDetailedView.swift */ = {isa = PBXFileReference; lastKnownFileType = sourcecode.swift; path = troopDetailedView.swift; sourceTree = "<group>"; };
		5673322828622FCF00AF0AF9 /* unitStats.swift */ = {isa = PBXFileReference; lastKnownFileType = sourcecode.swift; path = unitStats.swift; sourceTree = "<group>"; };
		5673322A2862470C00AF0AF9 /* armyGameView.swift */ = {isa = PBXFileReference; lastKnownFileType = sourcecode.swift; path = armyGameView.swift; sourceTree = "<group>"; };
		5673660427E9E2C10088B805 /* factions.json */ = {isa = PBXFileReference; fileEncoding = 4; lastKnownFileType = text.json; path = factions.json; sourceTree = "<group>"; };
		567FC56928648D3F00A0159E /* unitGameView.swift */ = {isa = PBXFileReference; lastKnownFileType = sourcecode.swift; path = unitGameView.swift; sourceTree = "<group>"; };
		56883D0B27A5DF9F00349E69 /* armybuilder.app */ = {isa = PBXFileReference; explicitFileType = wrapper.application; includeInIndex = 0; path = armybuilder.app; sourceTree = BUILT_PRODUCTS_DIR; };
		56883D0E27A5DF9F00349E69 /* armybuilderApp.swift */ = {isa = PBXFileReference; lastKnownFileType = sourcecode.swift; path = armybuilderApp.swift; sourceTree = "<group>"; };
		56883D1027A5DF9F00349E69 /* ContentView.swift */ = {isa = PBXFileReference; lastKnownFileType = sourcecode.swift; path = ContentView.swift; sourceTree = "<group>"; };
		56883D1227A5DFA000349E69 /* Assets.xcassets */ = {isa = PBXFileReference; lastKnownFileType = folder.assetcatalog; path = Assets.xcassets; sourceTree = "<group>"; };
		56883D1527A5DFA000349E69 /* Preview Assets.xcassets */ = {isa = PBXFileReference; lastKnownFileType = folder.assetcatalog; path = "Preview Assets.xcassets"; sourceTree = "<group>"; };
		56940118286BBC9F007841BB /* registration.swift */ = {isa = PBXFileReference; lastKnownFileType = sourcecode.swift; path = registration.swift; sourceTree = "<group>"; };
		56CD644527E92F40008478CD /* JSONstructs.swift */ = {isa = PBXFileReference; lastKnownFileType = sourcecode.swift; path = JSONstructs.swift; sourceTree = "<group>"; };
		56E8A9472917D3B0007443BE /* armybuilderUITests.xctest */ = {isa = PBXFileReference; explicitFileType = wrapper.cfbundle; includeInIndex = 0; path = armybuilderUITests.xctest; sourceTree = BUILT_PRODUCTS_DIR; };
		56E8A9492917D3B1007443BE /* armybuilderUITests.swift */ = {isa = PBXFileReference; lastKnownFileType = sourcecode.swift; path = armybuilderUITests.swift; sourceTree = "<group>"; };
		56E8A94B2917D3B1007443BE /* armybuilderUITestsLaunchTests.swift */ = {isa = PBXFileReference; lastKnownFileType = sourcecode.swift; path = armybuilderUITestsLaunchTests.swift; sourceTree = "<group>"; };
		56F45E4E286B53EE007BA78D /* troopGameDetailed.swift */ = {isa = PBXFileReference; lastKnownFileType = sourcecode.swift; path = troopGameDetailed.swift; sourceTree = "<group>"; };
/* End PBXFileReference section */

/* Begin PBXFrameworksBuildPhase section */
		56883D0827A5DF9F00349E69 /* Frameworks */ = {
			isa = PBXFrameworksBuildPhase;
			buildActionMask = 2147483647;
			files = (
				562C1EFD2878AD820020788F /* Alamofire in Frameworks */,
				562C1F022878B2970020788F /* Introspect in Frameworks */,
			);
			runOnlyForDeploymentPostprocessing = 0;
		};
		56E8A9442917D3B0007443BE /* Frameworks */ = {
			isa = PBXFrameworksBuildPhase;
			buildActionMask = 2147483647;
			files = (
			);
			runOnlyForDeploymentPostprocessing = 0;
		};
/* End PBXFrameworksBuildPhase section */

/* Begin PBXGroup section */
		56883D0227A5DF9F00349E69 = {
			isa = PBXGroup;
			children = (
				56883D0D27A5DF9F00349E69 /* armybuilder */,
				56E8A9482917D3B1007443BE /* armybuilderUITests */,
				56883D0C27A5DF9F00349E69 /* Products */,
			);
			sourceTree = "<group>";
		};
		56883D0C27A5DF9F00349E69 /* Products */ = {
			isa = PBXGroup;
			children = (
				56883D0B27A5DF9F00349E69 /* armybuilder.app */,
				56E8A9472917D3B0007443BE /* armybuilderUITests.xctest */,
			);
			name = Products;
			sourceTree = "<group>";
		};
		56883D0D27A5DF9F00349E69 /* armybuilder */ = {
			isa = PBXGroup;
			children = (
				5611EA06286BA720004BC850 /* loginAuth.swift */,
				56940118286BBC9F007841BB /* registration.swift */,
				5611EA08286BB227004BC850 /* rectangleLogo.swift */,
				5644884D2857CE3B00AB2273 /* stats.json */,
				5672C37127EB540A00524033 /* selectTroops.swift */,
				56695FEE28D2151900EE33CD /* troopCollectionEditCount.swift */,
				562A87AA27E8FB1B0076FB6A /* appSettings.swift */,
				5644885E2859255B00AB2273 /* targetPicker.swift */,
				5673660427E9E2C10088B805 /* factions.json */,
				562A87AC27E8FB470076FB6A /* addArmyDialog.swift */,
				56883D0E27A5DF9F00349E69 /* armybuilderApp.swift */,
				56883D1027A5DF9F00349E69 /* ContentView.swift */,
				56594CC72864BD6600D1A9C5 /* mods.json */,
				56448863285CB5F500AB2273 /* Data.swift */,
				56733220285E1D6D00AF0AF9 /* troopDisplay.swift */,
				5665937F286A47E8004B0473 /* armyCustomization.swift */,
				56733226286210D300AF0AF9 /* troopDetailedView.swift */,
				56594CC52864B84500D1A9C5 /* addUnitMods.swift */,
				56594CE528650D7600D1A9C5 /* addCustomMod.swift */,
				5665937B2868F45B004B0473 /* addExistingMod.swift */,
				56594CC92864F5B400D1A9C5 /* modDisplay.swift */,
				566593792868D07C004B0473 /* modificationDisplay.swift */,
				5673322828622FCF00AF0AF9 /* unitStats.swift */,
				562A3B8A27C36C1800AB0A80 /* armyView.swift */,
				5601F63527C6FF9600262E92 /* armyDetailedView.swift */,
				5673322A2862470C00AF0AF9 /* armyGameView.swift */,
				56F45E4E286B53EE007BA78D /* troopGameDetailed.swift */,
				5611EA04286B8E87004BC850 /* modGameView.swift */,
				56594CC32864A5C900D1A9C5 /* TableHeader.swift */,
				5611EA02286B8DAD004BC850 /* tableUnitHeader.swift */,
				567FC56928648D3F00A0159E /* unitGameView.swift */,
				562A87A827E8EF850076FB6A /* editArmy.swift */,
				566C244227ED1176008C1362 /* troopCountSelect.swift */,
				5673322428609C9600AF0AF9 /* troopEditSelect.swift */,
				56448865285CCC4600AB2273 /* troopCollectionCount.swift */,
				5627BA9B288324EB00FF6F33 /* forgotPass.swift */,
				56883D1227A5DFA000349E69 /* Assets.xcassets */,
				56883D1427A5DFA000349E69 /* Preview Content */,
				56CD644527E92F40008478CD /* JSONstructs.swift */,
				56083E7F2854D64A00A83C9D /* settingsitem.swift */,
				56083E832856589C00A83C9D /* serverrequests.swift */,
				5644884728577B0D00AB2273 /* accountSettings.swift */,
				5644884928577B6600AB2273 /* collectionSettings.swift */,
				5644884F2858B6E300AB2273 /* collectionAddUnits.swift */,
				564488512858B74800AB2273 /* collectionSelection.swift */,
			);
			path = armybuilder;
			sourceTree = "<group>";
		};
		56883D1427A5DFA000349E69 /* Preview Content */ = {
			isa = PBXGroup;
			children = (
				56883D1527A5DFA000349E69 /* Preview Assets.xcassets */,
			);
			path = "Preview Content";
			sourceTree = "<group>";
		};
		56E8A9482917D3B1007443BE /* armybuilderUITests */ = {
			isa = PBXGroup;
			children = (
				56E8A9492917D3B1007443BE /* armybuilderUITests.swift */,
				56E8A94B2917D3B1007443BE /* armybuilderUITestsLaunchTests.swift */,
			);
			path = armybuilderUITests;
			sourceTree = "<group>";
		};
/* End PBXGroup section */

/* Begin PBXNativeTarget section */
		56883D0A27A5DF9F00349E69 /* armybuilder */ = {
			isa = PBXNativeTarget;
			buildConfigurationList = 56883D1927A5DFA000349E69 /* Build configuration list for PBXNativeTarget "armybuilder" */;
			buildPhases = (
				56883D0727A5DF9F00349E69 /* Sources */,
				56883D0827A5DF9F00349E69 /* Frameworks */,
				56883D0927A5DF9F00349E69 /* Resources */,
			);
			buildRules = (
			);
			dependencies = (
			);
			name = armybuilder;
			packageProductDependencies = (
				562C1EFC2878AD820020788F /* Alamofire */,
				562C1F012878B2970020788F /* Introspect */,
			);
			productName = armybuilder;
			productReference = 56883D0B27A5DF9F00349E69 /* armybuilder.app */;
			productType = "com.apple.product-type.application";
		};
		56E8A9462917D3B0007443BE /* armybuilderUITests */ = {
			isa = PBXNativeTarget;
			buildConfigurationList = 56E8A9512917D3B1007443BE /* Build configuration list for PBXNativeTarget "armybuilderUITests" */;
			buildPhases = (
				56E8A9432917D3B0007443BE /* Sources */,
				56E8A9442917D3B0007443BE /* Frameworks */,
				56E8A9452917D3B0007443BE /* Resources */,
			);
			buildRules = (
			);
			dependencies = (
				56E8A94E2917D3B1007443BE /* PBXTargetDependency */,
			);
			name = armybuilderUITests;
			productName = armybuilderUITests;
			productReference = 56E8A9472917D3B0007443BE /* armybuilderUITests.xctest */;
			productType = "com.apple.product-type.bundle.ui-testing";
		};
/* End PBXNativeTarget section */

/* Begin PBXProject section */
		56883D0327A5DF9F00349E69 /* Project object */ = {
			isa = PBXProject;
			attributes = {
				BuildIndependentTargetsInParallel = 1;
				LastSwiftUpdateCheck = 1410;
				LastUpgradeCheck = 1320;
				TargetAttributes = {
					56883D0A27A5DF9F00349E69 = {
						CreatedOnToolsVersion = 13.2.1;
					};
					56E8A9462917D3B0007443BE = {
						CreatedOnToolsVersion = 14.1;
						TestTargetID = 56883D0A27A5DF9F00349E69;
					};
				};
			};
			buildConfigurationList = 56883D0627A5DF9F00349E69 /* Build configuration list for PBXProject "armybuilder" */;
			compatibilityVersion = "Xcode 13.0";
			developmentRegion = en;
			hasScannedForEncodings = 0;
			knownRegions = (
				en,
				Base,
			);
			mainGroup = 56883D0227A5DF9F00349E69;
			packageReferences = (
				56BFC54728731C620065A40D /* XCRemoteSwiftPackageReference "Alamofire" */,
				56BFC5542878AD230065A40D /* XCRemoteSwiftPackageReference "HidingViews" */,
				562C1F002878B2970020788F /* XCRemoteSwiftPackageReference "SwiftUI-Introspect" */,
			);
			productRefGroup = 56883D0C27A5DF9F00349E69 /* Products */;
			projectDirPath = "";
			projectRoot = "";
			targets = (
				56883D0A27A5DF9F00349E69 /* armybuilder */,
				56E8A9462917D3B0007443BE /* armybuilderUITests */,
			);
		};
/* End PBXProject section */

/* Begin PBXResourcesBuildPhase section */
		56883D0927A5DF9F00349E69 /* Resources */ = {
			isa = PBXResourcesBuildPhase;
			buildActionMask = 2147483647;
			files = (
				5644884E2857CE3B00AB2273 /* stats.json in Resources */,
				56883D1627A5DFA000349E69 /* Preview Assets.xcassets in Resources */,
				56594CC82864BD6600D1A9C5 /* mods.json in Resources */,
				56883D1327A5DFA000349E69 /* Assets.xcassets in Resources */,
				5673660727E9E2C10088B805 /* factions.json in Resources */,
			);
			runOnlyForDeploymentPostprocessing = 0;
		};
		56E8A9452917D3B0007443BE /* Resources */ = {
			isa = PBXResourcesBuildPhase;
			buildActionMask = 2147483647;
			files = (
			);
			runOnlyForDeploymentPostprocessing = 0;
		};
/* End PBXResourcesBuildPhase section */

/* Begin PBXSourcesBuildPhase section */
		56883D0727A5DF9F00349E69 /* Sources */ = {
			isa = PBXSourcesBuildPhase;
			buildActionMask = 2147483647;
			files = (
				564488522858B74800AB2273 /* collectionSelection.swift in Sources */,
				5673322928622FD000AF0AF9 /* unitStats.swift in Sources */,
				5644884A28577B6600AB2273 /* collectionSettings.swift in Sources */,
				56695FEF28D2151A00EE33CD /* troopCollectionEditCount.swift in Sources */,
				5665937C2868F45B004B0473 /* addExistingMod.swift in Sources */,
				5601F63627C6FF9600262E92 /* armyDetailedView.swift in Sources */,
				56594CC62864B84500D1A9C5 /* addUnitMods.swift in Sources */,
				564488502858B6E300AB2273 /* collectionAddUnits.swift in Sources */,
				56594CC42864A5C900D1A9C5 /* TableHeader.swift in Sources */,
				56083E842856589D00A83C9D /* serverrequests.swift in Sources */,
				56733227286210D300AF0AF9 /* troopDetailedView.swift in Sources */,
				5673322B2862470C00AF0AF9 /* armyGameView.swift in Sources */,
				567FC56A28648D3F00A0159E /* unitGameView.swift in Sources */,
				56659380286A47E8004B0473 /* armyCustomization.swift in Sources */,
				5611EA03286B8DAD004BC850 /* tableUnitHeader.swift in Sources */,
				562A3B8B27C36C1800AB0A80 /* armyView.swift in Sources */,
				5611EA07286BA720004BC850 /* loginAuth.swift in Sources */,
				56733221285E1D6D00AF0AF9 /* troopDisplay.swift in Sources */,
				56448866285CCC4600AB2273 /* troopCollectionCount.swift in Sources */,
				562A87A927E8EF850076FB6A /* editArmy.swift in Sources */,
				56083E802854D64A00A83C9D /* settingsitem.swift in Sources */,
				5672C37227EB540A00524033 /* selectTroops.swift in Sources */,
				56883D1127A5DF9F00349E69 /* ContentView.swift in Sources */,
				56448864285CB5F500AB2273 /* Data.swift in Sources */,
				5611EA09286BB227004BC850 /* rectangleLogo.swift in Sources */,
				56940119286BBC9F007841BB /* registration.swift in Sources */,
				566C244327ED1176008C1362 /* troopCountSelect.swift in Sources */,
				5644884828577B0D00AB2273 /* accountSettings.swift in Sources */,
				562A87AB27E8FB1B0076FB6A /* appSettings.swift in Sources */,
				56883D0F27A5DF9F00349E69 /* armybuilderApp.swift in Sources */,
				56CD644627E92F40008478CD /* JSONstructs.swift in Sources */,
				5627BA9C288324EC00FF6F33 /* forgotPass.swift in Sources */,
				562A87AD27E8FB470076FB6A /* addArmyDialog.swift in Sources */,
				5673322528609C9600AF0AF9 /* troopEditSelect.swift in Sources */,
				56F45E4F286B53EE007BA78D /* troopGameDetailed.swift in Sources */,
				5644885F2859255B00AB2273 /* targetPicker.swift in Sources */,
				56594CCA2864F5B400D1A9C5 /* modDisplay.swift in Sources */,
				5665937A2868D07C004B0473 /* modificationDisplay.swift in Sources */,
				56594CE628650D7600D1A9C5 /* addCustomMod.swift in Sources */,
				5611EA05286B8E87004BC850 /* modGameView.swift in Sources */,
			);
			runOnlyForDeploymentPostprocessing = 0;
		};
		56E8A9432917D3B0007443BE /* Sources */ = {
			isa = PBXSourcesBuildPhase;
			buildActionMask = 2147483647;
			files = (
				56E8A94A2917D3B1007443BE /* armybuilderUITests.swift in Sources */,
				56E8A94C2917D3B1007443BE /* armybuilderUITestsLaunchTests.swift in Sources */,
			);
			runOnlyForDeploymentPostprocessing = 0;
		};
/* End PBXSourcesBuildPhase section */

/* Begin PBXTargetDependency section */
		56E8A94E2917D3B1007443BE /* PBXTargetDependency */ = {
			isa = PBXTargetDependency;
			target = 56883D0A27A5DF9F00349E69 /* armybuilder */;
			targetProxy = 56E8A94D2917D3B1007443BE /* PBXContainerItemProxy */;
		};
/* End PBXTargetDependency section */

/* Begin XCBuildConfiguration section */
		56883D1727A5DFA000349E69 /* Debug */ = {
			isa = XCBuildConfiguration;
			buildSettings = {
				ALWAYS_SEARCH_USER_PATHS = NO;
				CLANG_ANALYZER_NONNULL = YES;
				CLANG_ANALYZER_NUMBER_OBJECT_CONVERSION = YES_AGGRESSIVE;
				CLANG_CXX_LANGUAGE_STANDARD = "gnu++17";
				CLANG_CXX_LIBRARY = "libc++";
				CLANG_ENABLE_MODULES = YES;
				CLANG_ENABLE_OBJC_ARC = YES;
				CLANG_ENABLE_OBJC_WEAK = YES;
				CLANG_WARN_BLOCK_CAPTURE_AUTORELEASING = YES;
				CLANG_WARN_BOOL_CONVERSION = YES;
				CLANG_WARN_COMMA = YES;
				CLANG_WARN_CONSTANT_CONVERSION = YES;
				CLANG_WARN_DEPRECATED_OBJC_IMPLEMENTATIONS = YES;
				CLANG_WARN_DIRECT_OBJC_ISA_USAGE = YES_ERROR;
				CLANG_WARN_DOCUMENTATION_COMMENTS = YES;
				CLANG_WARN_EMPTY_BODY = YES;
				CLANG_WARN_ENUM_CONVERSION = YES;
				CLANG_WARN_INFINITE_RECURSION = YES;
				CLANG_WARN_INT_CONVERSION = YES;
				CLANG_WARN_NON_LITERAL_NULL_CONVERSION = YES;
				CLANG_WARN_OBJC_IMPLICIT_RETAIN_SELF = YES;
				CLANG_WARN_OBJC_LITERAL_CONVERSION = YES;
				CLANG_WARN_OBJC_ROOT_CLASS = YES_ERROR;
				CLANG_WARN_QUOTED_INCLUDE_IN_FRAMEWORK_HEADER = YES;
				CLANG_WARN_RANGE_LOOP_ANALYSIS = YES;
				CLANG_WARN_STRICT_PROTOTYPES = YES;
				CLANG_WARN_SUSPICIOUS_MOVE = YES;
				CLANG_WARN_UNGUARDED_AVAILABILITY = YES_AGGRESSIVE;
				CLANG_WARN_UNREACHABLE_CODE = YES;
				CLANG_WARN__DUPLICATE_METHOD_MATCH = YES;
				COPY_PHASE_STRIP = NO;
				DEBUG_INFORMATION_FORMAT = dwarf;
				ENABLE_STRICT_OBJC_MSGSEND = YES;
				ENABLE_TESTABILITY = YES;
				GCC_C_LANGUAGE_STANDARD = gnu11;
				GCC_DYNAMIC_NO_PIC = NO;
				GCC_NO_COMMON_BLOCKS = YES;
				GCC_OPTIMIZATION_LEVEL = 0;
				GCC_PREPROCESSOR_DEFINITIONS = (
					"DEBUG=1",
					"$(inherited)",
				);
				GCC_WARN_64_TO_32_BIT_CONVERSION = YES;
				GCC_WARN_ABOUT_RETURN_TYPE = YES_ERROR;
				GCC_WARN_UNDECLARED_SELECTOR = YES;
				GCC_WARN_UNINITIALIZED_AUTOS = YES_AGGRESSIVE;
				GCC_WARN_UNUSED_FUNCTION = YES;
				GCC_WARN_UNUSED_VARIABLE = YES;
				IPHONEOS_DEPLOYMENT_TARGET = 16.0;
				MTL_ENABLE_DEBUG_INFO = INCLUDE_SOURCE;
				MTL_FAST_MATH = YES;
				ONLY_ACTIVE_ARCH = YES;
				SDKROOT = iphoneos;
				SWIFT_ACTIVE_COMPILATION_CONDITIONS = DEBUG;
				SWIFT_OPTIMIZATION_LEVEL = "-Onone";
			};
			name = Debug;
		};
		56883D1827A5DFA000349E69 /* Release */ = {
			isa = XCBuildConfiguration;
			buildSettings = {
				ALWAYS_SEARCH_USER_PATHS = NO;
				CLANG_ANALYZER_NONNULL = YES;
				CLANG_ANALYZER_NUMBER_OBJECT_CONVERSION = YES_AGGRESSIVE;
				CLANG_CXX_LANGUAGE_STANDARD = "gnu++17";
				CLANG_CXX_LIBRARY = "libc++";
				CLANG_ENABLE_MODULES = YES;
				CLANG_ENABLE_OBJC_ARC = YES;
				CLANG_ENABLE_OBJC_WEAK = YES;
				CLANG_WARN_BLOCK_CAPTURE_AUTORELEASING = YES;
				CLANG_WARN_BOOL_CONVERSION = YES;
				CLANG_WARN_COMMA = YES;
				CLANG_WARN_CONSTANT_CONVERSION = YES;
				CLANG_WARN_DEPRECATED_OBJC_IMPLEMENTATIONS = YES;
				CLANG_WARN_DIRECT_OBJC_ISA_USAGE = YES_ERROR;
				CLANG_WARN_DOCUMENTATION_COMMENTS = YES;
				CLANG_WARN_EMPTY_BODY = YES;
				CLANG_WARN_ENUM_CONVERSION = YES;
				CLANG_WARN_INFINITE_RECURSION = YES;
				CLANG_WARN_INT_CONVERSION = YES;
				CLANG_WARN_NON_LITERAL_NULL_CONVERSION = YES;
				CLANG_WARN_OBJC_IMPLICIT_RETAIN_SELF = YES;
				CLANG_WARN_OBJC_LITERAL_CONVERSION = YES;
				CLANG_WARN_OBJC_ROOT_CLASS = YES_ERROR;
				CLANG_WARN_QUOTED_INCLUDE_IN_FRAMEWORK_HEADER = YES;
				CLANG_WARN_RANGE_LOOP_ANALYSIS = YES;
				CLANG_WARN_STRICT_PROTOTYPES = YES;
				CLANG_WARN_SUSPICIOUS_MOVE = YES;
				CLANG_WARN_UNGUARDED_AVAILABILITY = YES_AGGRESSIVE;
				CLANG_WARN_UNREACHABLE_CODE = YES;
				CLANG_WARN__DUPLICATE_METHOD_MATCH = YES;
				COPY_PHASE_STRIP = NO;
				DEBUG_INFORMATION_FORMAT = "dwarf-with-dsym";
				ENABLE_NS_ASSERTIONS = NO;
				ENABLE_STRICT_OBJC_MSGSEND = YES;
				GCC_C_LANGUAGE_STANDARD = gnu11;
				GCC_NO_COMMON_BLOCKS = YES;
				GCC_WARN_64_TO_32_BIT_CONVERSION = YES;
				GCC_WARN_ABOUT_RETURN_TYPE = YES_ERROR;
				GCC_WARN_UNDECLARED_SELECTOR = YES;
				GCC_WARN_UNINITIALIZED_AUTOS = YES_AGGRESSIVE;
				GCC_WARN_UNUSED_FUNCTION = YES;
				GCC_WARN_UNUSED_VARIABLE = YES;
				IPHONEOS_DEPLOYMENT_TARGET = 16.0;
				MTL_ENABLE_DEBUG_INFO = NO;
				MTL_FAST_MATH = YES;
				SDKROOT = iphoneos;
				SWIFT_COMPILATION_MODE = wholemodule;
				SWIFT_OPTIMIZATION_LEVEL = "-O";
				VALIDATE_PRODUCT = YES;
			};
			name = Release;
		};
		56883D1A27A5DFA000349E69 /* Debug */ = {
			isa = XCBuildConfiguration;
			buildSettings = {
				ASSETCATALOG_COMPILER_APPICON_NAME = AppIcon;
				ASSETCATALOG_COMPILER_GLOBAL_ACCENT_COLOR_NAME = AccentColor;
				CODE_SIGN_STYLE = Automatic;
				CURRENT_PROJECT_VERSION = 1;
				DEVELOPMENT_ASSET_PATHS = "\"armybuilder/Preview Content\"";
				DEVELOPMENT_TEAM = PSQFU7KVDQ;
				ENABLE_PREVIEWS = YES;
				GENERATE_INFOPLIST_FILE = YES;
				INFOPLIST_KEY_UIApplicationSceneManifest_Generation = YES;
				INFOPLIST_KEY_UIApplicationSupportsIndirectInputEvents = YES;
				INFOPLIST_KEY_UILaunchScreen_Generation = YES;
				INFOPLIST_KEY_UISupportedInterfaceOrientations = UIInterfaceOrientationPortrait;
				INFOPLIST_KEY_UISupportedInterfaceOrientations_iPad = "UIInterfaceOrientationPortrait UIInterfaceOrientationPortraitUpsideDown UIInterfaceOrientationLandscapeLeft UIInterfaceOrientationLandscapeRight";
				INFOPLIST_KEY_UISupportedInterfaceOrientations_iPhone = "UIInterfaceOrientationPortrait UIInterfaceOrientationLandscapeLeft UIInterfaceOrientationLandscapeRight";
				IPHONEOS_DEPLOYMENT_TARGET = 15.5;
				LD_RUNPATH_SEARCH_PATHS = (
					"$(inherited)",
					"@executable_path/Frameworks",
				);
				MARKETING_VERSION = 1.0;
				PRODUCT_BUNDLE_IDENTIFIER = shevlfs.armybuilder;
				PRODUCT_NAME = "$(TARGET_NAME)";
				SWIFT_EMIT_LOC_STRINGS = YES;
				SWIFT_VERSION = 5.0;
				TARGETED_DEVICE_FAMILY = 1;
			};
			name = Debug;
		};
		56883D1B27A5DFA000349E69 /* Release */ = {
			isa = XCBuildConfiguration;
			buildSettings = {
				ASSETCATALOG_COMPILER_APPICON_NAME = AppIcon;
				ASSETCATALOG_COMPILER_GLOBAL_ACCENT_COLOR_NAME = AccentColor;
				CODE_SIGN_STYLE = Automatic;
				CURRENT_PROJECT_VERSION = 1;
				DEVELOPMENT_ASSET_PATHS = "\"armybuilder/Preview Content\"";
				DEVELOPMENT_TEAM = PSQFU7KVDQ;
				ENABLE_PREVIEWS = YES;
				GENERATE_INFOPLIST_FILE = YES;
				INFOPLIST_KEY_UIApplicationSceneManifest_Generation = YES;
				INFOPLIST_KEY_UIApplicationSupportsIndirectInputEvents = YES;
				INFOPLIST_KEY_UILaunchScreen_Generation = YES;
				INFOPLIST_KEY_UISupportedInterfaceOrientations = UIInterfaceOrientationPortrait;
				INFOPLIST_KEY_UISupportedInterfaceOrientations_iPad = "UIInterfaceOrientationPortrait UIInterfaceOrientationPortraitUpsideDown UIInterfaceOrientationLandscapeLeft UIInterfaceOrientationLandscapeRight";
				INFOPLIST_KEY_UISupportedInterfaceOrientations_iPhone = "UIInterfaceOrientationPortrait UIInterfaceOrientationLandscapeLeft UIInterfaceOrientationLandscapeRight";
				IPHONEOS_DEPLOYMENT_TARGET = 15.5;
				LD_RUNPATH_SEARCH_PATHS = (
					"$(inherited)",
					"@executable_path/Frameworks",
				);
				MARKETING_VERSION = 1.0;
				PRODUCT_BUNDLE_IDENTIFIER = shevlfs.armybuilder;
				PRODUCT_NAME = "$(TARGET_NAME)";
				SWIFT_EMIT_LOC_STRINGS = YES;
				SWIFT_VERSION = 5.0;
				TARGETED_DEVICE_FAMILY = 1;
			};
			name = Release;
		};
		56E8A94F2917D3B1007443BE /* Debug */ = {
			isa = XCBuildConfiguration;
			buildSettings = {
				CLANG_CXX_LANGUAGE_STANDARD = "gnu++20";
				CODE_SIGN_STYLE = Automatic;
				CURRENT_PROJECT_VERSION = 1;
				DEVELOPMENT_TEAM = PSQFU7KVDQ;
				GENERATE_INFOPLIST_FILE = YES;
				IPHONEOS_DEPLOYMENT_TARGET = 16.1;
				MARKETING_VERSION = 1.0;
				PRODUCT_BUNDLE_IDENTIFIER = shevlfs.armybuilderUITests;
				PRODUCT_NAME = "$(TARGET_NAME)";
				SWIFT_EMIT_LOC_STRINGS = NO;
				SWIFT_VERSION = 5.0;
				TARGETED_DEVICE_FAMILY = "1,2";
				TEST_TARGET_NAME = armybuilder;
			};
			name = Debug;
		};
		56E8A9502917D3B1007443BE /* Release */ = {
			isa = XCBuildConfiguration;
			buildSettings = {
				CLANG_CXX_LANGUAGE_STANDARD = "gnu++20";
				CODE_SIGN_STYLE = Automatic;
				CURRENT_PROJECT_VERSION = 1;
				DEVELOPMENT_TEAM = PSQFU7KVDQ;
				GENERATE_INFOPLIST_FILE = YES;
				IPHONEOS_DEPLOYMENT_TARGET = 16.1;
				MARKETING_VERSION = 1.0;
				PRODUCT_BUNDLE_IDENTIFIER = shevlfs.armybuilderUITests;
				PRODUCT_NAME = "$(TARGET_NAME)";
				SWIFT_EMIT_LOC_STRINGS = NO;
				SWIFT_VERSION = 5.0;
				TARGETED_DEVICE_FAMILY = "1,2";
				TEST_TARGET_NAME = armybuilder;
			};
			name = Release;
		};
/* End XCBuildConfiguration section */

/* Begin XCConfigurationList section */
		56883D0627A5DF9F00349E69 /* Build configuration list for PBXProject "armybuilder" */ = {
			isa = XCConfigurationList;
			buildConfigurations = (
				56883D1727A5DFA000349E69 /* Debug */,
				56883D1827A5DFA000349E69 /* Release */,
			);
			defaultConfigurationIsVisible = 0;
			defaultConfigurationName = Release;
		};
		56883D1927A5DFA000349E69 /* Build configuration list for PBXNativeTarget "armybuilder" */ = {
			isa = XCConfigurationList;
			buildConfigurations = (
				56883D1A27A5DFA000349E69 /* Debug */,
				56883D1B27A5DFA000349E69 /* Release */,
			);
			defaultConfigurationIsVisible = 0;
			defaultConfigurationName = Release;
		};
		56E8A9512917D3B1007443BE /* Build configuration list for PBXNativeTarget "armybuilderUITests" */ = {
			isa = XCConfigurationList;
			buildConfigurations = (
				56E8A94F2917D3B1007443BE /* Debug */,
				56E8A9502917D3B1007443BE /* Release */,
			);
			defaultConfigurationIsVisible = 0;
			defaultConfigurationName = Release;
		};
/* End XCConfigurationList section */

/* Begin XCRemoteSwiftPackageReference section */
		562C1F002878B2970020788F /* XCRemoteSwiftPackageReference "SwiftUI-Introspect" */ = {
			isa = XCRemoteSwiftPackageReference;
			repositoryURL = "https://github.com/siteline/SwiftUI-Introspect.git";
			requirement = {
				kind = upToNextMajorVersion;
				minimumVersion = 0.1.4;
			};
		};
		56BFC54728731C620065A40D /* XCRemoteSwiftPackageReference "Alamofire" */ = {
			isa = XCRemoteSwiftPackageReference;
			repositoryURL = "https://github.com/Alamofire/Alamofire";
			requirement = {
				kind = upToNextMajorVersion;
				minimumVersion = 5.0.0;
			};
		};
		56BFC5542878AD230065A40D /* XCRemoteSwiftPackageReference "HidingViews" */ = {
			isa = XCRemoteSwiftPackageReference;
			repositoryURL = "https://github.com/GeorgeElsham/HidingViews";
			requirement = {
				kind = upToNextMajorVersion;
				minimumVersion = 1.0.0;
			};
		};
/* End XCRemoteSwiftPackageReference section */

/* Begin XCSwiftPackageProductDependency section */
		562C1EFC2878AD820020788F /* Alamofire */ = {
			isa = XCSwiftPackageProductDependency;
			package = 56BFC54728731C620065A40D /* XCRemoteSwiftPackageReference "Alamofire" */;
			productName = Alamofire;
		};
		562C1F012878B2970020788F /* Introspect */ = {
			isa = XCSwiftPackageProductDependency;
			package = 562C1F002878B2970020788F /* XCRemoteSwiftPackageReference "SwiftUI-Introspect" */;
			productName = Introspect;
		};
/* End XCSwiftPackageProductDependency section */
	};
	rootObject = 56883D0327A5DF9F00349E69 /* Project object */;
}
